
Microsoft Visual Studio Solution File, Format Version 12.00
# Visual Studio 2013
VisualStudioVersion = 12.0.31101.0
MinimumVisualStudioVersion = 10.0.40219.1
Project("{2150E333-8FDC-42A3-9474-1A3956D46DE8}") = "1-Infrastructure", "1-Infrastructure", "{5758DD40-4962-4F21-AE92-07EA003FBBB7}"
EndProject
Project("{2150E333-8FDC-42A3-9474-1A3956D46DE8}") = "2-MC", "2-MC", "{9F5B13FF-DDBC-4637-A234-5634A74A6E63}"
EndProject
Project("{FAE04EC0-301F-11D3-BF4B-00C04F79EFBC}") = "Tao.Infrastructure.Core", "Tao.Infrastructure.Domain\Tao.Infrastructure.Core.csproj", "{20756D6A-FF56-4CC9-B6DA-A5ED241ED496}"
EndProject
Project("{2150E333-8FDC-42A3-9474-1A3956D46DE8}") = ".nuget", ".nuget", "{5408926C-235C-45F2-A27F-B9D0A1FD48D7}"
	ProjectSection(SolutionItems) = preProject
		NuGet.Config = NuGet.Config
	EndProjectSection
EndProject
Project("{2150E333-8FDC-42A3-9474-1A3956D46DE8}") = "Test", "Test", "{84C76DCD-9831-4AF9-8614-8C28F4B6040D}"
EndProject
Project("{FAE04EC0-301F-11D3-BF4B-00C04F79EFBC}") = "UnitOfWorkTest", "UnitOfWorkTest\UnitOfWorkTest.csproj", "{FED7F447-106C-4B40-82EF-CFD6328BA331}"
EndProject
Project("{2150E333-8FDC-42A3-9474-1A3956D46DE8}") = "UnitTest", "UnitTest", "{931419FB-853B-4590-8283-F3B6BA0D39DD}"
EndProject
Project("{FAE04EC0-301F-11D3-BF4B-00C04F79EFBC}") = "UnitTestUnitOfWork", "UnitTestUnitOfWork\UnitTestUnitOfWork.csproj", "{D1C6C67E-12C0-485A-BEB8-898B9D3AADE5}"
EndProject
Project("{FAE04EC0-301F-11D3-BF4B-00C04F79EFBC}") = "Tao.Infrastructure.Library", "Tao.Infrastructure.Library\Tao.Infrastructure.Library.csproj", "{F7433676-B30B-420E-A560-70BCA23DE041}"
EndProject
Project("{2150E333-8FDC-42A3-9474-1A3956D46DE8}") = "config", "config", "{D0F8D935-A156-4013-9C14-01BFD0AD4528}"
EndProject
Project("{2150E333-8FDC-42A3-9474-1A3956D46DE8}") = "3-Repository", "3-Repository", "{3DB4C4DC-02AF-4EF0-877E-EBB4DF7086D3}"
EndProject
Project("{2150E333-8FDC-42A3-9474-1A3956D46DE8}") = "4-Service", "4-Service", "{86699422-B047-4446-B464-959FF3005B75}"
EndProject
Project("{FAE04EC0-301F-11D3-BF4B-00C04F79EFBC}") = "Tao.DAM.Request", "Tao.DAM.Request\Tao.DAM.Request.csproj", "{90D463C4-B059-4D90-88C6-41B465798E3B}"
EndProject
Project("{FAE04EC0-301F-11D3-BF4B-00C04F79EFBC}") = "Tao.DAM.Response", "Tao.DAM.Response\Tao.DAM.Response.csproj", "{4C7A4EF4-859A-452F-B4B4-6546CF57C5A3}"
EndProject
Project("{FAE04EC0-301F-11D3-BF4B-00C04F79EFBC}") = "Tao.DAM.Dto", "Tao.DAM.Dto\Tao.DAM.Dto.csproj", "{CF47ABBF-3B0D-4160-9702-6F830B7FF5E8}"
EndProject
Project("{FAE04EC0-301F-11D3-BF4B-00C04F79EFBC}") = "Tao.Repository.User", "Tao.Repository.User\Tao.Repository.User.csproj", "{A231746D-EEE0-41FF-8F7C-13862BF96C6A}"
EndProject
Project("{FAE04EC0-301F-11D3-BF4B-00C04F79EFBC}") = "Tao.Service.Base", "VPiao.Service.Base\Tao.Service.Base.csproj", "{1FD07D5B-EDA8-403B-8594-E8915A88F950}"
EndProject
Project("{FAE04EC0-301F-11D3-BF4B-00C04F79EFBC}") = "Tao.Service.User", "VPiao.Service.User\Tao.Service.User.csproj", "{4C44E285-301A-4496-BC45-BAC1A635DA5B}"
EndProject
Project("{2150E333-8FDC-42A3-9474-1A3956D46DE8}") = "5-DistributeService", "5-DistributeService", "{A614C410-BE6E-426C-AA31-36A762F0F9FA}"
EndProject
Project("{FAE04EC0-301F-11D3-BF4B-00C04F79EFBC}") = "Tao.DistributeService.User", "Tao.DistributeService.User\Tao.DistributeService.User.csproj", "{BC2AE9AF-386E-424C-8B1B-315719A4AE0A}"
EndProject
Project("{2150E333-8FDC-42A3-9474-1A3956D46DE8}") = "6-Present", "6-Present", "{F9501649-5EDA-4D1B-B140-5EEFE2C1FD81}"
EndProject
Project("{FAE04EC0-301F-11D3-BF4B-00C04F79EFBC}") = "Tao.Distribute.Interface.User", "Tao.Distribute.Interface.User\Tao.Distribute.Interface.User.csproj", "{C3B090AA-D9EE-414C-907A-011D00C296E6}"
EndProject
Project("{FAE04EC0-301F-11D3-BF4B-00C04F79EFBC}") = "Tao.Shop.com", "Tao.Shop.com\Tao.Shop.com.csproj", "{FA6DA1EA-3204-45C8-A7BE-9801A765CB39}"
EndProject
Project("{FAE04EC0-301F-11D3-BF4B-00C04F79EFBC}") = "Tao.Core", "Tao.Core.Controller\Tao.Core.csproj", "{99FEB0C1-6E75-4641-9883-7053DD1CD051}"
EndProject
Project("{FAE04EC0-301F-11D3-BF4B-00C04F79EFBC}") = "UnityIocTest", "UnityIocTest\UnityIocTest.csproj", "{ABAB14AC-26D5-43C1-909F-300B02D3B55A}"
EndProject
Project("{FAE04EC0-301F-11D3-BF4B-00C04F79EFBC}") = "ApplicationContextTest", "ApplicationContextTest\ApplicationContextTest.csproj", "{F4B4B5D5-316A-4EE2-93E3-4564BDE5015D}"
EndProject
Project("{FAE04EC0-301F-11D3-BF4B-00C04F79EFBC}") = "Tao.MC.Engine", "Tao.MC.Engine\Tao.MC.Engine.csproj", "{5DF90737-D822-4F8D-A5A6-691602C3E098}"
EndProject
Global
	GlobalSection(SolutionConfigurationPlatforms) = preSolution
		Debug|Any CPU = Debug|Any CPU
		Debug|ARM = Debug|ARM
		Debug|x64 = Debug|x64
		Debug|x86 = Debug|x86
		Release|Any CPU = Release|Any CPU
		Release|ARM = Release|ARM
		Release|x64 = Release|x64
		Release|x86 = Release|x86
	EndGlobalSection
	GlobalSection(ProjectConfigurationPlatforms) = postSolution
		{20756D6A-FF56-4CC9-B6DA-A5ED241ED496}.Debug|Any CPU.ActiveCfg = Debug|Any CPU
		{20756D6A-FF56-4CC9-B6DA-A5ED241ED496}.Debug|Any CPU.Build.0 = Debug|Any CPU
		{20756D6A-FF56-4CC9-B6DA-A5ED241ED496}.Debug|ARM.ActiveCfg = Debug|Any CPU
		{20756D6A-FF56-4CC9-B6DA-A5ED241ED496}.Debug|x64.ActiveCfg = Debug|Any CPU
		{20756D6A-FF56-4CC9-B6DA-A5ED241ED496}.Debug|x86.ActiveCfg = Debug|Any CPU
		{20756D6A-FF56-4CC9-B6DA-A5ED241ED496}.Release|Any CPU.ActiveCfg = Release|Any CPU
		{20756D6A-FF56-4CC9-B6DA-A5ED241ED496}.Release|Any CPU.Build.0 = Release|Any CPU
		{20756D6A-FF56-4CC9-B6DA-A5ED241ED496}.Release|ARM.ActiveCfg = Release|Any CPU
		{20756D6A-FF56-4CC9-B6DA-A5ED241ED496}.Release|x64.ActiveCfg = Release|Any CPU
		{20756D6A-FF56-4CC9-B6DA-A5ED241ED496}.Release|x86.ActiveCfg = Release|Any CPU
		{FED7F447-106C-4B40-82EF-CFD6328BA331}.Debug|Any CPU.ActiveCfg = Debug|Any CPU
		{FED7F447-106C-4B40-82EF-CFD6328BA331}.Debug|Any CPU.Build.0 = Debug|Any CPU
		{FED7F447-106C-4B40-82EF-CFD6328BA331}.Debug|ARM.ActiveCfg = Debug|Any CPU
		{FED7F447-106C-4B40-82EF-CFD6328BA331}.Debug|x64.ActiveCfg = Debug|Any CPU
		{FED7F447-106C-4B40-82EF-CFD6328BA331}.Debug|x86.ActiveCfg = Debug|Any CPU
		{FED7F447-106C-4B40-82EF-CFD6328BA331}.Release|Any CPU.ActiveCfg = Release|Any CPU
		{FED7F447-106C-4B40-82EF-CFD6328BA331}.Release|Any CPU.Build.0 = Release|Any CPU
		{FED7F447-106C-4B40-82EF-CFD6328BA331}.Release|ARM.ActiveCfg = Release|Any CPU
		{FED7F447-106C-4B40-82EF-CFD6328BA331}.Release|x64.ActiveCfg = Release|Any CPU
		{FED7F447-106C-4B40-82EF-CFD6328BA331}.Release|x86.ActiveCfg = Release|Any CPU
		{D1C6C67E-12C0-485A-BEB8-898B9D3AADE5}.Debug|Any CPU.ActiveCfg = Debug|Any CPU
		{D1C6C67E-12C0-485A-BEB8-898B9D3AADE5}.Debug|Any CPU.Build.0 = Debug|Any CPU
		{D1C6C67E-12C0-485A-BEB8-898B9D3AADE5}.Debug|ARM.ActiveCfg = Debug|Any CPU
		{D1C6C67E-12C0-485A-BEB8-898B9D3AADE5}.Debug|x64.ActiveCfg = Debug|Any CPU
		{D1C6C67E-12C0-485A-BEB8-898B9D3AADE5}.Debug|x86.ActiveCfg = Debug|Any CPU
		{D1C6C67E-12C0-485A-BEB8-898B9D3AADE5}.Release|Any CPU.ActiveCfg = Release|Any CPU
		{D1C6C67E-12C0-485A-BEB8-898B9D3AADE5}.Release|Any CPU.Build.0 = Release|Any CPU
		{D1C6C67E-12C0-485A-BEB8-898B9D3AADE5}.Release|ARM.ActiveCfg = Release|Any CPU
		{D1C6C67E-12C0-485A-BEB8-898B9D3AADE5}.Release|x64.ActiveCfg = Release|Any CPU
		{D1C6C67E-12C0-485A-BEB8-898B9D3AADE5}.Release|x86.ActiveCfg = Release|Any CPU
		{F7433676-B30B-420E-A560-70BCA23DE041}.Debug|Any CPU.ActiveCfg = Debug|Any CPU
		{F7433676-B30B-420E-A560-70BCA23DE041}.Debug|Any CPU.Build.0 = Debug|Any CPU
		{F7433676-B30B-420E-A560-70BCA23DE041}.Debug|ARM.ActiveCfg = Debug|Any CPU
		{F7433676-B30B-420E-A560-70BCA23DE041}.Debug|x64.ActiveCfg = Debug|Any CPU
		{F7433676-B30B-420E-A560-70BCA23DE041}.Debug|x86.ActiveCfg = Debug|Any CPU
		{F7433676-B30B-420E-A560-70BCA23DE041}.Release|Any CPU.ActiveCfg = Release|Any CPU
		{F7433676-B30B-420E-A560-70BCA23DE041}.Release|Any CPU.Build.0 = Release|Any CPU
		{F7433676-B30B-420E-A560-70BCA23DE041}.Release|ARM.ActiveCfg = Release|Any CPU
		{F7433676-B30B-420E-A560-70BCA23DE041}.Release|x64.ActiveCfg = Release|Any CPU
		{F7433676-B30B-420E-A560-70BCA23DE041}.Release|x86.ActiveCfg = Release|Any CPU
		{90D463C4-B059-4D90-88C6-41B465798E3B}.Debug|Any CPU.ActiveCfg = Debug|Any CPU
		{90D463C4-B059-4D90-88C6-41B465798E3B}.Debug|Any CPU.Build.0 = Debug|Any CPU
		{90D463C4-B059-4D90-88C6-41B465798E3B}.Debug|ARM.ActiveCfg = Debug|Any CPU
		{90D463C4-B059-4D90-88C6-41B465798E3B}.Debug|x64.ActiveCfg = Debug|Any CPU
		{90D463C4-B059-4D90-88C6-41B465798E3B}.Debug|x86.ActiveCfg = Debug|Any CPU
		{90D463C4-B059-4D90-88C6-41B465798E3B}.Release|Any CPU.ActiveCfg = Release|Any CPU
		{90D463C4-B059-4D90-88C6-41B465798E3B}.Release|Any CPU.Build.0 = Release|Any CPU
		{90D463C4-B059-4D90-88C6-41B465798E3B}.Release|ARM.ActiveCfg = Release|Any CPU
		{90D463C4-B059-4D90-88C6-41B465798E3B}.Release|x64.ActiveCfg = Release|Any CPU
		{90D463C4-B059-4D90-88C6-41B465798E3B}.Release|x86.ActiveCfg = Release|Any CPU
		{4C7A4EF4-859A-452F-B4B4-6546CF57C5A3}.Debug|Any CPU.ActiveCfg = Debug|Any CPU
		{4C7A4EF4-859A-452F-B4B4-6546CF57C5A3}.Debug|Any CPU.Build.0 = Debug|Any CPU
		{4C7A4EF4-859A-452F-B4B4-6546CF57C5A3}.Debug|ARM.ActiveCfg = Debug|Any CPU
		{4C7A4EF4-859A-452F-B4B4-6546CF57C5A3}.Debug|x64.ActiveCfg = Debug|Any CPU
		{4C7A4EF4-859A-452F-B4B4-6546CF57C5A3}.Debug|x86.ActiveCfg = Debug|Any CPU
		{4C7A4EF4-859A-452F-B4B4-6546CF57C5A3}.Release|Any CPU.ActiveCfg = Release|Any CPU
		{4C7A4EF4-859A-452F-B4B4-6546CF57C5A3}.Release|Any CPU.Build.0 = Release|Any CPU
		{4C7A4EF4-859A-452F-B4B4-6546CF57C5A3}.Release|ARM.ActiveCfg = Release|Any CPU
		{4C7A4EF4-859A-452F-B4B4-6546CF57C5A3}.Release|x64.ActiveCfg = Release|Any CPU
		{4C7A4EF4-859A-452F-B4B4-6546CF57C5A3}.Release|x86.ActiveCfg = Release|Any CPU
		{CF47ABBF-3B0D-4160-9702-6F830B7FF5E8}.Debug|Any CPU.ActiveCfg = Debug|Any CPU
		{CF47ABBF-3B0D-4160-9702-6F830B7FF5E8}.Debug|Any CPU.Build.0 = Debug|Any CPU
		{CF47ABBF-3B0D-4160-9702-6F830B7FF5E8}.Debug|ARM.ActiveCfg = Debug|Any CPU
		{CF47ABBF-3B0D-4160-9702-6F830B7FF5E8}.Debug|x64.ActiveCfg = Debug|Any CPU
		{CF47ABBF-3B0D-4160-9702-6F830B7FF5E8}.Debug|x86.ActiveCfg = Debug|Any CPU
		{CF47ABBF-3B0D-4160-9702-6F830B7FF5E8}.Release|Any CPU.ActiveCfg = Release|Any CPU
		{CF47ABBF-3B0D-4160-9702-6F830B7FF5E8}.Release|Any CPU.Build.0 = Release|Any CPU
		{CF47ABBF-3B0D-4160-9702-6F830B7FF5E8}.Release|ARM.ActiveCfg = Release|Any CPU
		{CF47ABBF-3B0D-4160-9702-6F830B7FF5E8}.Release|x64.ActiveCfg = Release|Any CPU
		{CF47ABBF-3B0D-4160-9702-6F830B7FF5E8}.Release|x86.ActiveCfg = Release|Any CPU
		{A231746D-EEE0-41FF-8F7C-13862BF96C6A}.Debug|Any CPU.ActiveCfg = Debug|Any CPU
		{A231746D-EEE0-41FF-8F7C-13862BF96C6A}.Debug|Any CPU.Build.0 = Debug|Any CPU
		{A231746D-EEE0-41FF-8F7C-13862BF96C6A}.Debug|ARM.ActiveCfg = Debug|Any CPU
		{A231746D-EEE0-41FF-8F7C-13862BF96C6A}.Debug|x64.ActiveCfg = Debug|Any CPU
		{A231746D-EEE0-41FF-8F7C-13862BF96C6A}.Debug|x86.ActiveCfg = Debug|Any CPU
		{A231746D-EEE0-41FF-8F7C-13862BF96C6A}.Release|Any CPU.ActiveCfg = Release|Any CPU
		{A231746D-EEE0-41FF-8F7C-13862BF96C6A}.Release|Any CPU.Build.0 = Release|Any CPU
		{A231746D-EEE0-41FF-8F7C-13862BF96C6A}.Release|ARM.ActiveCfg = Release|Any CPU
		{A231746D-EEE0-41FF-8F7C-13862BF96C6A}.Release|x64.ActiveCfg = Release|Any CPU
		{A231746D-EEE0-41FF-8F7C-13862BF96C6A}.Release|x86.ActiveCfg = Release|Any CPU
		{1FD07D5B-EDA8-403B-8594-E8915A88F950}.Debug|Any CPU.ActiveCfg = Debug|Any CPU
		{1FD07D5B-EDA8-403B-8594-E8915A88F950}.Debug|Any CPU.Build.0 = Debug|Any CPU
		{1FD07D5B-EDA8-403B-8594-E8915A88F950}.Debug|ARM.ActiveCfg = Debug|Any CPU
		{1FD07D5B-EDA8-403B-8594-E8915A88F950}.Debug|x64.ActiveCfg = Debug|Any CPU
		{1FD07D5B-EDA8-403B-8594-E8915A88F950}.Debug|x86.ActiveCfg = Debug|Any CPU
		{1FD07D5B-EDA8-403B-8594-E8915A88F950}.Release|Any CPU.ActiveCfg = Release|Any CPU
		{1FD07D5B-EDA8-403B-8594-E8915A88F950}.Release|Any CPU.Build.0 = Release|Any CPU
		{1FD07D5B-EDA8-403B-8594-E8915A88F950}.Release|ARM.ActiveCfg = Release|Any CPU
		{1FD07D5B-EDA8-403B-8594-E8915A88F950}.Release|x64.ActiveCfg = Release|Any CPU
		{1FD07D5B-EDA8-403B-8594-E8915A88F950}.Release|x86.ActiveCfg = Release|Any CPU
		{4C44E285-301A-4496-BC45-BAC1A635DA5B}.Debug|Any CPU.ActiveCfg = Debug|Any CPU
		{4C44E285-301A-4496-BC45-BAC1A635DA5B}.Debug|Any CPU.Build.0 = Debug|Any CPU
		{4C44E285-301A-4496-BC45-BAC1A635DA5B}.Debug|ARM.ActiveCfg = Debug|Any CPU
		{4C44E285-301A-4496-BC45-BAC1A635DA5B}.Debug|x64.ActiveCfg = Debug|Any CPU
		{4C44E285-301A-4496-BC45-BAC1A635DA5B}.Debug|x86.ActiveCfg = Debug|Any CPU
		{4C44E285-301A-4496-BC45-BAC1A635DA5B}.Release|Any CPU.ActiveCfg = Release|Any CPU
		{4C44E285-301A-4496-BC45-BAC1A635DA5B}.Release|Any CPU.Build.0 = Release|Any CPU
		{4C44E285-301A-4496-BC45-BAC1A635DA5B}.Release|ARM.ActiveCfg = Release|Any CPU
		{4C44E285-301A-4496-BC45-BAC1A635DA5B}.Release|x64.ActiveCfg = Release|Any CPU
		{4C44E285-301A-4496-BC45-BAC1A635DA5B}.Release|x86.ActiveCfg = Release|Any CPU
		{BC2AE9AF-386E-424C-8B1B-315719A4AE0A}.Debug|Any CPU.ActiveCfg = Debug|Any CPU
		{BC2AE9AF-386E-424C-8B1B-315719A4AE0A}.Debug|Any CPU.Build.0 = Debug|Any CPU
		{BC2AE9AF-386E-424C-8B1B-315719A4AE0A}.Debug|ARM.ActiveCfg = Debug|Any CPU
		{BC2AE9AF-386E-424C-8B1B-315719A4AE0A}.Debug|x64.ActiveCfg = Debug|Any CPU
		{BC2AE9AF-386E-424C-8B1B-315719A4AE0A}.Debug|x86.ActiveCfg = Debug|Any CPU
		{BC2AE9AF-386E-424C-8B1B-315719A4AE0A}.Release|Any CPU.ActiveCfg = Release|Any CPU
		{BC2AE9AF-386E-424C-8B1B-315719A4AE0A}.Release|Any CPU.Build.0 = Release|Any CPU
		{BC2AE9AF-386E-424C-8B1B-315719A4AE0A}.Release|ARM.ActiveCfg = Release|Any CPU
		{BC2AE9AF-386E-424C-8B1B-315719A4AE0A}.Release|x64.ActiveCfg = Release|Any CPU
		{BC2AE9AF-386E-424C-8B1B-315719A4AE0A}.Release|x86.ActiveCfg = Release|Any CPU
		{C3B090AA-D9EE-414C-907A-011D00C296E6}.Debug|Any CPU.ActiveCfg = Debug|Any CPU
		{C3B090AA-D9EE-414C-907A-011D00C296E6}.Debug|Any CPU.Build.0 = Debug|Any CPU
		{C3B090AA-D9EE-414C-907A-011D00C296E6}.Debug|ARM.ActiveCfg = Debug|Any CPU
		{C3B090AA-D9EE-414C-907A-011D00C296E6}.Debug|x64.ActiveCfg = Debug|Any CPU
		{C3B090AA-D9EE-414C-907A-011D00C296E6}.Debug|x86.ActiveCfg = Debug|Any CPU
		{C3B090AA-D9EE-414C-907A-011D00C296E6}.Release|Any CPU.ActiveCfg = Release|Any CPU
		{C3B090AA-D9EE-414C-907A-011D00C296E6}.Release|Any CPU.Build.0 = Release|Any CPU
		{C3B090AA-D9EE-414C-907A-011D00C296E6}.Release|ARM.ActiveCfg = Release|Any CPU
		{C3B090AA-D9EE-414C-907A-011D00C296E6}.Release|x64.ActiveCfg = Release|Any CPU
		{C3B090AA-D9EE-414C-907A-011D00C296E6}.Release|x86.ActiveCfg = Release|Any CPU
		{FA6DA1EA-3204-45C8-A7BE-9801A765CB39}.Debug|Any CPU.ActiveCfg = Debug|Any CPU
		{FA6DA1EA-3204-45C8-A7BE-9801A765CB39}.Debug|Any CPU.Build.0 = Debug|Any CPU
		{FA6DA1EA-3204-45C8-A7BE-9801A765CB39}.Debug|ARM.ActiveCfg = Debug|Any CPU
		{FA6DA1EA-3204-45C8-A7BE-9801A765CB39}.Debug|x64.ActiveCfg = Debug|Any CPU
		{FA6DA1EA-3204-45C8-A7BE-9801A765CB39}.Debug|x86.ActiveCfg = Debug|Any CPU
		{FA6DA1EA-3204-45C8-A7BE-9801A765CB39}.Release|Any CPU.ActiveCfg = Release|Any CPU
		{FA6DA1EA-3204-45C8-A7BE-9801A765CB39}.Release|Any CPU.Build.0 = Release|Any CPU
		{FA6DA1EA-3204-45C8-A7BE-9801A765CB39}.Release|ARM.ActiveCfg = Release|Any CPU
		{FA6DA1EA-3204-45C8-A7BE-9801A765CB39}.Release|x64.ActiveCfg = Release|Any CPU
		{FA6DA1EA-3204-45C8-A7BE-9801A765CB39}.Release|x86.ActiveCfg = Release|Any CPU
		{99FEB0C1-6E75-4641-9883-7053DD1CD051}.Debug|Any CPU.ActiveCfg = Debug|Any CPU
		{99FEB0C1-6E75-4641-9883-7053DD1CD051}.Debug|Any CPU.Build.0 = Debug|Any CPU
		{99FEB0C1-6E75-4641-9883-7053DD1CD051}.Debug|ARM.ActiveCfg = Debug|Any CPU
		{99FEB0C1-6E75-4641-9883-7053DD1CD051}.Debug|x64.ActiveCfg = Debug|Any CPU
		{99FEB0C1-6E75-4641-9883-7053DD1CD051}.Debug|x86.ActiveCfg = Debug|Any CPU
		{99FEB0C1-6E75-4641-9883-7053DD1CD051}.Release|Any CPU.ActiveCfg = Release|Any CPU
		{99FEB0C1-6E75-4641-9883-7053DD1CD051}.Release|Any CPU.Build.0 = Release|Any CPU
		{99FEB0C1-6E75-4641-9883-7053DD1CD051}.Release|ARM.ActiveCfg = Release|Any CPU
		{99FEB0C1-6E75-4641-9883-7053DD1CD051}.Release|x64.ActiveCfg = Release|Any CPU
		{99FEB0C1-6E75-4641-9883-7053DD1CD051}.Release|x86.ActiveCfg = Release|Any CPU
		{ABAB14AC-26D5-43C1-909F-300B02D3B55A}.Debug|Any CPU.ActiveCfg = Debug|Any CPU
		{ABAB14AC-26D5-43C1-909F-300B02D3B55A}.Debug|Any CPU.Build.0 = Debug|Any CPU
		{ABAB14AC-26D5-43C1-909F-300B02D3B55A}.Debug|ARM.ActiveCfg = Debug|Any CPU
		{ABAB14AC-26D5-43C1-909F-300B02D3B55A}.Debug|x64.ActiveCfg = Debug|Any CPU
		{ABAB14AC-26D5-43C1-909F-300B02D3B55A}.Debug|x86.ActiveCfg = Debug|Any CPU
		{ABAB14AC-26D5-43C1-909F-300B02D3B55A}.Release|Any CPU.ActiveCfg = Release|Any CPU
		{ABAB14AC-26D5-43C1-909F-300B02D3B55A}.Release|Any CPU.Build.0 = Release|Any CPU
		{ABAB14AC-26D5-43C1-909F-300B02D3B55A}.Release|ARM.ActiveCfg = Release|Any CPU
		{ABAB14AC-26D5-43C1-909F-300B02D3B55A}.Release|x64.ActiveCfg = Release|Any CPU
		{ABAB14AC-26D5-43C1-909F-300B02D3B55A}.Release|x86.ActiveCfg = Release|Any CPU
		{F4B4B5D5-316A-4EE2-93E3-4564BDE5015D}.Debug|Any CPU.ActiveCfg = Debug|Any CPU
		{F4B4B5D5-316A-4EE2-93E3-4564BDE5015D}.Debug|Any CPU.Build.0 = Debug|Any CPU
		{F4B4B5D5-316A-4EE2-93E3-4564BDE5015D}.Debug|ARM.ActiveCfg = Debug|Any CPU
		{F4B4B5D5-316A-4EE2-93E3-4564BDE5015D}.Debug|x64.ActiveCfg = Debug|Any CPU
		{F4B4B5D5-316A-4EE2-93E3-4564BDE5015D}.Debug|x86.ActiveCfg = Debug|Any CPU
		{F4B4B5D5-316A-4EE2-93E3-4564BDE5015D}.Release|Any CPU.ActiveCfg = Release|Any CPU
		{F4B4B5D5-316A-4EE2-93E3-4564BDE5015D}.Release|Any CPU.Build.0 = Release|Any CPU
		{F4B4B5D5-316A-4EE2-93E3-4564BDE5015D}.Release|ARM.ActiveCfg = Release|Any CPU
		{F4B4B5D5-316A-4EE2-93E3-4564BDE5015D}.Release|x64.ActiveCfg = Release|Any CPU
		{F4B4B5D5-316A-4EE2-93E3-4564BDE5015D}.Release|x86.ActiveCfg = Release|Any CPU
		{5DF90737-D822-4F8D-A5A6-691602C3E098}.Debug|Any CPU.ActiveCfg = Debug|Any CPU
		{5DF90737-D822-4F8D-A5A6-691602C3E098}.Debug|Any CPU.Build.0 = Debug|Any CPU
		{5DF90737-D822-4F8D-A5A6-691602C3E098}.Debug|ARM.ActiveCfg = Debug|Any CPU
		{5DF90737-D822-4F8D-A5A6-691602C3E098}.Debug|x64.ActiveCfg = Debug|Any CPU
		{5DF90737-D822-4F8D-A5A6-691602C3E098}.Debug|x86.ActiveCfg = Debug|Any CPU
		{5DF90737-D822-4F8D-A5A6-691602C3E098}.Release|Any CPU.ActiveCfg = Release|Any CPU
		{5DF90737-D822-4F8D-A5A6-691602C3E098}.Release|Any CPU.Build.0 = Release|Any CPU
		{5DF90737-D822-4F8D-A5A6-691602C3E098}.Release|ARM.ActiveCfg = Release|Any CPU
		{5DF90737-D822-4F8D-A5A6-691602C3E098}.Release|x64.ActiveCfg = Release|Any CPU
		{5DF90737-D822-4F8D-A5A6-691602C3E098}.Release|x86.ActiveCfg = Release|Any CPU
	EndGlobalSection
	GlobalSection(SolutionProperties) = preSolution
		HideSolutionNode = FALSE
	EndGlobalSection
	GlobalSection(NestedProjects) = preSolution
		{20756D6A-FF56-4CC9-B6DA-A5ED241ED496} = {5758DD40-4962-4F21-AE92-07EA003FBBB7}
		{5408926C-235C-45F2-A27F-B9D0A1FD48D7} = {5758DD40-4962-4F21-AE92-07EA003FBBB7}
		{FED7F447-106C-4B40-82EF-CFD6328BA331} = {84C76DCD-9831-4AF9-8614-8C28F4B6040D}
		{D1C6C67E-12C0-485A-BEB8-898B9D3AADE5} = {931419FB-853B-4590-8283-F3B6BA0D39DD}
		{F7433676-B30B-420E-A560-70BCA23DE041} = {5758DD40-4962-4F21-AE92-07EA003FBBB7}
		{90D463C4-B059-4D90-88C6-41B465798E3B} = {9F5B13FF-DDBC-4637-A234-5634A74A6E63}
		{4C7A4EF4-859A-452F-B4B4-6546CF57C5A3} = {9F5B13FF-DDBC-4637-A234-5634A74A6E63}
		{CF47ABBF-3B0D-4160-9702-6F830B7FF5E8} = {9F5B13FF-DDBC-4637-A234-5634A74A6E63}
		{A231746D-EEE0-41FF-8F7C-13862BF96C6A} = {3DB4C4DC-02AF-4EF0-877E-EBB4DF7086D3}
		{1FD07D5B-EDA8-403B-8594-E8915A88F950} = {86699422-B047-4446-B464-959FF3005B75}
		{4C44E285-301A-4496-BC45-BAC1A635DA5B} = {86699422-B047-4446-B464-959FF3005B75}
		{BC2AE9AF-386E-424C-8B1B-315719A4AE0A} = {A614C410-BE6E-426C-AA31-36A762F0F9FA}
		{C3B090AA-D9EE-414C-907A-011D00C296E6} = {A614C410-BE6E-426C-AA31-36A762F0F9FA}
		{FA6DA1EA-3204-45C8-A7BE-9801A765CB39} = {F9501649-5EDA-4D1B-B140-5EEFE2C1FD81}
		{99FEB0C1-6E75-4641-9883-7053DD1CD051} = {F9501649-5EDA-4D1B-B140-5EEFE2C1FD81}
		{ABAB14AC-26D5-43C1-909F-300B02D3B55A} = {84C76DCD-9831-4AF9-8614-8C28F4B6040D}
		{F4B4B5D5-316A-4EE2-93E3-4564BDE5015D} = {84C76DCD-9831-4AF9-8614-8C28F4B6040D}
		{5DF90737-D822-4F8D-A5A6-691602C3E098} = {9F5B13FF-DDBC-4637-A234-5634A74A6E63}
	EndGlobalSection
EndGlobal
